// !$*UTF8*$!
{
	archiveVersion = 1;
	classes = {
	};
	objectVersion = 50;
	objects = {

/* Begin PBXBuildFile section */
		8A6E4A13230F72FF006E2DE6 /* QuestionListTableViewCell.swift in Sources */ = {isa = PBXBuildFile; fileRef = 8A6E4A11230F72FF006E2DE6 /* QuestionListTableViewCell.swift */; };
		8A6E4A14230F72FF006E2DE6 /* QuestionListTableViewCell.xib in Resources */ = {isa = PBXBuildFile; fileRef = 8A6E4A12230F72FF006E2DE6 /* QuestionListTableViewCell.xib */; };
		8AB80339230F144A00AD2700 /* StackOverflowOwner.swift in Sources */ = {isa = PBXBuildFile; fileRef = 8AB80338230F144A00AD2700 /* StackOverflowOwner.swift */; };
		8AB8033B230F1C0B00AD2700 /* ImageCache.swift in Sources */ = {isa = PBXBuildFile; fileRef = 8AB8033A230F1C0B00AD2700 /* ImageCache.swift */; };
		8ABF5D0E230C63F4001A1546 /* AppDelegate.swift in Sources */ = {isa = PBXBuildFile; fileRef = 8ABF5D0D230C63F4001A1546 /* AppDelegate.swift */; };
		8ABF5D16230C63F4001A1546 /* HCA.xcdatamodeld in Sources */ = {isa = PBXBuildFile; fileRef = 8ABF5D14230C63F4001A1546 /* HCA.xcdatamodeld */; };
		8ABF5D18230C63F5001A1546 /* Assets.xcassets in Resources */ = {isa = PBXBuildFile; fileRef = 8ABF5D17230C63F5001A1546 /* Assets.xcassets */; };
		8ABF5D1B230C63F5001A1546 /* LaunchScreen.storyboard in Resources */ = {isa = PBXBuildFile; fileRef = 8ABF5D19230C63F5001A1546 /* LaunchScreen.storyboard */; };
		8ABF5D26230C63F5001A1546 /* HCATests.swift in Sources */ = {isa = PBXBuildFile; fileRef = 8ABF5D25230C63F5001A1546 /* HCATests.swift */; };
		8ABF5D33230CB39A001A1546 /* NetworkService.swift in Sources */ = {isa = PBXBuildFile; fileRef = 8ABF5D32230CB39A001A1546 /* NetworkService.swift */; };
		8ABF5D37230CB55A001A1546 /* StackOverflowQuestion.swift in Sources */ = {isa = PBXBuildFile; fileRef = 8ABF5D36230CB55A001A1546 /* StackOverflowQuestion.swift */; };
		8ABF5D39230CD48E001A1546 /* StackOverflowQuestionList.swift in Sources */ = {isa = PBXBuildFile; fileRef = 8ABF5D38230CD48E001A1546 /* StackOverflowQuestionList.swift */; };
		8ABF5D3B230CDD77001A1546 /* QuestionSplitViewController.swift in Sources */ = {isa = PBXBuildFile; fileRef = 8ABF5D3A230CDD77001A1546 /* QuestionSplitViewController.swift */; };
		8ABF5D3E230CDDD6001A1546 /* QuestionListViewController.swift in Sources */ = {isa = PBXBuildFile; fileRef = 8ABF5D3C230CDDD6001A1546 /* QuestionListViewController.swift */; };
		8ABF5D3F230CDDD6001A1546 /* QuestionListViewController.xib in Resources */ = {isa = PBXBuildFile; fileRef = 8ABF5D3D230CDDD6001A1546 /* QuestionListViewController.xib */; };
		8ABF5D42230CDE00001A1546 /* AnswerListViewController.swift in Sources */ = {isa = PBXBuildFile; fileRef = 8ABF5D40230CDE00001A1546 /* AnswerListViewController.swift */; };
		8ABF5D43230CDE00001A1546 /* AnswerListViewController.xib in Resources */ = {isa = PBXBuildFile; fileRef = 8ABF5D41230CDE00001A1546 /* AnswerListViewController.xib */; };
		8ABF5D4A230CEF03001A1546 /* QuestionListLoadMoreTableViewCell.swift in Sources */ = {isa = PBXBuildFile; fileRef = 8ABF5D48230CEF03001A1546 /* QuestionListLoadMoreTableViewCell.swift */; };
		8ABF5D4B230CEF03001A1546 /* QuestionListLoadMoreTableViewCell.xib in Resources */ = {isa = PBXBuildFile; fileRef = 8ABF5D49230CEF03001A1546 /* QuestionListLoadMoreTableViewCell.xib */; };
		8ABF5D4E230DD6F9001A1546 /* Utils.swift in Sources */ = {isa = PBXBuildFile; fileRef = 8ABF5D4D230DD6F9001A1546 /* Utils.swift */; };
		8ABF5D50230DF4B9001A1546 /* StackOverflowAnswer.swift in Sources */ = {isa = PBXBuildFile; fileRef = 8ABF5D4F230DF4B9001A1546 /* StackOverflowAnswer.swift */; };
		8ABF5D52230DF4D2001A1546 /* StackOverflowAnswerList.swift in Sources */ = {isa = PBXBuildFile; fileRef = 8ABF5D51230DF4D2001A1546 /* StackOverflowAnswerList.swift */; };
		8ABF5D55230DF966001A1546 /* WebKit.framework in Frameworks */ = {isa = PBXBuildFile; fileRef = 8ABF5D54230DF966001A1546 /* WebKit.framework */; };
		8ABF5D58230E0B96001A1546 /* NSAttributedString+Extensions.swift in Sources */ = {isa = PBXBuildFile; fileRef = 8ABF5D57230E0B96001A1546 /* NSAttributedString+Extensions.swift */; };
		8ABF5D5A230E0BB3001A1546 /* UIView+Extensions.swift in Sources */ = {isa = PBXBuildFile; fileRef = 8ABF5D59230E0BB3001A1546 /* UIView+Extensions.swift */; };
		8ABF5D5D230E0CC1001A1546 /* AnswerListQuestionTableViewCell.swift in Sources */ = {isa = PBXBuildFile; fileRef = 8ABF5D5B230E0CC1001A1546 /* AnswerListQuestionTableViewCell.swift */; };
		8ABF5D5E230E0CC1001A1546 /* AnswerListQuestionTableViewCell.xib in Resources */ = {isa = PBXBuildFile; fileRef = 8ABF5D5C230E0CC1001A1546 /* AnswerListQuestionTableViewCell.xib */; };
		8ABF5D61230E0D05001A1546 /* AnswerListAnswerTableViewCell.swift in Sources */ = {isa = PBXBuildFile; fileRef = 8ABF5D5F230E0D05001A1546 /* AnswerListAnswerTableViewCell.swift */; };
		8ABF5D62230E0D05001A1546 /* AnswerListAnswerTableViewCell.xib in Resources */ = {isa = PBXBuildFile; fileRef = 8ABF5D60230E0D05001A1546 /* AnswerListAnswerTableViewCell.xib */; };
		8ABF5D65230EDA98001A1546 /* Media.xcassets in Resources */ = {isa = PBXBuildFile; fileRef = 8ABF5D64230EDA98001A1546 /* Media.xcassets */; };
		8AC83464230F4B40004BD8B4 /* PlaceHolderDetailViewController.swift in Sources */ = {isa = PBXBuildFile; fileRef = 8AC83462230F4B40004BD8B4 /* PlaceHolderDetailViewController.swift */; };
		8AC83465230F4B40004BD8B4 /* PlaceHolderDetailViewController.xib in Resources */ = {isa = PBXBuildFile; fileRef = 8AC83463230F4B40004BD8B4 /* PlaceHolderDetailViewController.xib */; };
/* End PBXBuildFile section */

/* Begin PBXContainerItemProxy section */
		8ABF5D22230C63F5001A1546 /* PBXContainerItemProxy */ = {
			isa = PBXContainerItemProxy;
			containerPortal = 8ABF5D02230C63F4001A1546 /* Project object */;
			proxyType = 1;
			remoteGlobalIDString = 8ABF5D09230C63F4001A1546;
			remoteInfo = HCA;
		};
/* End PBXContainerItemProxy section */

/* Begin PBXFileReference section */
		8A6E4A11230F72FF006E2DE6 /* QuestionListTableViewCell.swift */ = {isa = PBXFileReference; lastKnownFileType = sourcecode.swift; path = QuestionListTableViewCell.swift; sourceTree = "<group>"; };
		8A6E4A12230F72FF006E2DE6 /* QuestionListTableViewCell.xib */ = {isa = PBXFileReference; lastKnownFileType = file.xib; path = QuestionListTableViewCell.xib; sourceTree = "<group>"; };
		8AB80338230F144A00AD2700 /* StackOverflowOwner.swift */ = {isa = PBXFileReference; lastKnownFileType = sourcecode.swift; path = StackOverflowOwner.swift; sourceTree = "<group>"; };
		8AB8033A230F1C0B00AD2700 /* ImageCache.swift */ = {isa = PBXFileReference; lastKnownFileType = sourcecode.swift; path = ImageCache.swift; sourceTree = "<group>"; };
		8ABF5D0A230C63F4001A1546 /* HCA.app */ = {isa = PBXFileReference; explicitFileType = wrapper.application; includeInIndex = 0; path = HCA.app; sourceTree = BUILT_PRODUCTS_DIR; };
		8ABF5D0D230C63F4001A1546 /* AppDelegate.swift */ = {isa = PBXFileReference; lastKnownFileType = sourcecode.swift; path = AppDelegate.swift; sourceTree = "<group>"; };
		8ABF5D15230C63F4001A1546 /* HCA.xcdatamodel */ = {isa = PBXFileReference; lastKnownFileType = wrapper.xcdatamodel; path = HCA.xcdatamodel; sourceTree = "<group>"; };
		8ABF5D17230C63F5001A1546 /* Assets.xcassets */ = {isa = PBXFileReference; lastKnownFileType = folder.assetcatalog; path = Assets.xcassets; sourceTree = "<group>"; };
		8ABF5D1A230C63F5001A1546 /* Base */ = {isa = PBXFileReference; lastKnownFileType = file.storyboard; name = Base; path = Base.lproj/LaunchScreen.storyboard; sourceTree = "<group>"; };
		8ABF5D1C230C63F5001A1546 /* Info.plist */ = {isa = PBXFileReference; lastKnownFileType = text.plist.xml; path = Info.plist; sourceTree = "<group>"; };
		8ABF5D21230C63F5001A1546 /* HCATests.xctest */ = {isa = PBXFileReference; explicitFileType = wrapper.cfbundle; includeInIndex = 0; path = HCATests.xctest; sourceTree = BUILT_PRODUCTS_DIR; };
		8ABF5D25230C63F5001A1546 /* HCATests.swift */ = {isa = PBXFileReference; lastKnownFileType = sourcecode.swift; path = HCATests.swift; sourceTree = "<group>"; };
		8ABF5D27230C63F5001A1546 /* Info.plist */ = {isa = PBXFileReference; lastKnownFileType = text.plist.xml; path = Info.plist; sourceTree = "<group>"; };
		8ABF5D32230CB39A001A1546 /* NetworkService.swift */ = {isa = PBXFileReference; lastKnownFileType = sourcecode.swift; path = NetworkService.swift; sourceTree = "<group>"; };
		8ABF5D36230CB55A001A1546 /* StackOverflowQuestion.swift */ = {isa = PBXFileReference; lastKnownFileType = sourcecode.swift; path = StackOverflowQuestion.swift; sourceTree = "<group>"; };
		8ABF5D38230CD48E001A1546 /* StackOverflowQuestionList.swift */ = {isa = PBXFileReference; lastKnownFileType = sourcecode.swift; path = StackOverflowQuestionList.swift; sourceTree = "<group>"; };
		8ABF5D3A230CDD77001A1546 /* QuestionSplitViewController.swift */ = {isa = PBXFileReference; lastKnownFileType = sourcecode.swift; path = QuestionSplitViewController.swift; sourceTree = "<group>"; };
		8ABF5D3C230CDDD6001A1546 /* QuestionListViewController.swift */ = {isa = PBXFileReference; lastKnownFileType = sourcecode.swift; path = QuestionListViewController.swift; sourceTree = "<group>"; };
		8ABF5D3D230CDDD6001A1546 /* QuestionListViewController.xib */ = {isa = PBXFileReference; lastKnownFileType = file.xib; path = QuestionListViewController.xib; sourceTree = "<group>"; };
		8ABF5D40230CDE00001A1546 /* AnswerListViewController.swift */ = {isa = PBXFileReference; lastKnownFileType = sourcecode.swift; path = AnswerListViewController.swift; sourceTree = "<group>"; };
		8ABF5D41230CDE00001A1546 /* AnswerListViewController.xib */ = {isa = PBXFileReference; lastKnownFileType = file.xib; path = AnswerListViewController.xib; sourceTree = "<group>"; };
		8ABF5D48230CEF03001A1546 /* QuestionListLoadMoreTableViewCell.swift */ = {isa = PBXFileReference; lastKnownFileType = sourcecode.swift; path = QuestionListLoadMoreTableViewCell.swift; sourceTree = "<group>"; };
		8ABF5D49230CEF03001A1546 /* QuestionListLoadMoreTableViewCell.xib */ = {isa = PBXFileReference; lastKnownFileType = file.xib; path = QuestionListLoadMoreTableViewCell.xib; sourceTree = "<group>"; };
		8ABF5D4D230DD6F9001A1546 /* Utils.swift */ = {isa = PBXFileReference; lastKnownFileType = sourcecode.swift; path = Utils.swift; sourceTree = "<group>"; };
		8ABF5D4F230DF4B9001A1546 /* StackOverflowAnswer.swift */ = {isa = PBXFileReference; lastKnownFileType = sourcecode.swift; path = StackOverflowAnswer.swift; sourceTree = "<group>"; };
		8ABF5D51230DF4D2001A1546 /* StackOverflowAnswerList.swift */ = {isa = PBXFileReference; lastKnownFileType = sourcecode.swift; path = StackOverflowAnswerList.swift; sourceTree = "<group>"; };
		8ABF5D54230DF966001A1546 /* WebKit.framework */ = {isa = PBXFileReference; lastKnownFileType = wrapper.framework; name = WebKit.framework; path = System/Library/Frameworks/WebKit.framework; sourceTree = SDKROOT; };
		8ABF5D57230E0B96001A1546 /* NSAttributedString+Extensions.swift */ = {isa = PBXFileReference; lastKnownFileType = sourcecode.swift; path = "NSAttributedString+Extensions.swift"; sourceTree = "<group>"; };
		8ABF5D59230E0BB3001A1546 /* UIView+Extensions.swift */ = {isa = PBXFileReference; lastKnownFileType = sourcecode.swift; path = "UIView+Extensions.swift"; sourceTree = "<group>"; };
		8ABF5D5B230E0CC1001A1546 /* AnswerListQuestionTableViewCell.swift */ = {isa = PBXFileReference; lastKnownFileType = sourcecode.swift; path = AnswerListQuestionTableViewCell.swift; sourceTree = "<group>"; };
		8ABF5D5C230E0CC1001A1546 /* AnswerListQuestionTableViewCell.xib */ = {isa = PBXFileReference; lastKnownFileType = file.xib; path = AnswerListQuestionTableViewCell.xib; sourceTree = "<group>"; };
		8ABF5D5F230E0D05001A1546 /* AnswerListAnswerTableViewCell.swift */ = {isa = PBXFileReference; lastKnownFileType = sourcecode.swift; path = AnswerListAnswerTableViewCell.swift; sourceTree = "<group>"; };
		8ABF5D60230E0D05001A1546 /* AnswerListAnswerTableViewCell.xib */ = {isa = PBXFileReference; lastKnownFileType = file.xib; path = AnswerListAnswerTableViewCell.xib; sourceTree = "<group>"; };
		8ABF5D64230EDA98001A1546 /* Media.xcassets */ = {isa = PBXFileReference; lastKnownFileType = folder.assetcatalog; path = Media.xcassets; sourceTree = "<group>"; };
		8AC83462230F4B40004BD8B4 /* PlaceHolderDetailViewController.swift */ = {isa = PBXFileReference; lastKnownFileType = sourcecode.swift; path = PlaceHolderDetailViewController.swift; sourceTree = "<group>"; };
		8AC83463230F4B40004BD8B4 /* PlaceHolderDetailViewController.xib */ = {isa = PBXFileReference; lastKnownFileType = file.xib; path = PlaceHolderDetailViewController.xib; sourceTree = "<group>"; };
/* End PBXFileReference section */

/* Begin PBXFrameworksBuildPhase section */
		8ABF5D07230C63F4001A1546 /* Frameworks */ = {
			isa = PBXFrameworksBuildPhase;
			buildActionMask = 2147483647;
			files = (
				8ABF5D55230DF966001A1546 /* WebKit.framework in Frameworks */,
			);
			runOnlyForDeploymentPostprocessing = 0;
		};
		8ABF5D1E230C63F5001A1546 /* Frameworks */ = {
			isa = PBXFrameworksBuildPhase;
			buildActionMask = 2147483647;
			files = (
			);
			runOnlyForDeploymentPostprocessing = 0;
		};
/* End PBXFrameworksBuildPhase section */

/* Begin PBXGroup section */
		8ABF5D01230C63F4001A1546 = {
			isa = PBXGroup;
			children = (
				8ABF5D63230EDA79001A1546 /* Assets */,
				8ABF5D0C230C63F4001A1546 /* HCA */,
				8ABF5D24230C63F5001A1546 /* HCATests */,
				8ABF5D0B230C63F4001A1546 /* Products */,
				8ABF5D53230DF965001A1546 /* Frameworks */,
			);
			sourceTree = "<group>";
		};
		8ABF5D0B230C63F4001A1546 /* Products */ = {
			isa = PBXGroup;
			children = (
				8ABF5D0A230C63F4001A1546 /* HCA.app */,
				8ABF5D21230C63F5001A1546 /* HCATests.xctest */,
			);
			name = Products;
			sourceTree = "<group>";
		};
		8ABF5D0C230C63F4001A1546 /* HCA */ = {
			isa = PBXGroup;
			children = (
				8ABF5D56230E0A02001A1546 /* Extension */,
				8ABF5D4C230DD6E4001A1546 /* Util */,
				8ABF5D31230C7AE5001A1546 /* Network */,
				8ABF5D30230C66CA001A1546 /* Models */,
				8ABF5D0D230C63F4001A1546 /* AppDelegate.swift */,
				8AC83462230F4B40004BD8B4 /* PlaceHolderDetailViewController.swift */,
				8AC83463230F4B40004BD8B4 /* PlaceHolderDetailViewController.xib */,
				8ABF5D3A230CDD77001A1546 /* QuestionSplitViewController.swift */,
				8ABF5D3C230CDDD6001A1546 /* QuestionListViewController.swift */,
				8ABF5D3D230CDDD6001A1546 /* QuestionListViewController.xib */,
				8A6E4A11230F72FF006E2DE6 /* QuestionListTableViewCell.swift */,
				8A6E4A12230F72FF006E2DE6 /* QuestionListTableViewCell.xib */,
				8ABF5D48230CEF03001A1546 /* QuestionListLoadMoreTableViewCell.swift */,
				8ABF5D49230CEF03001A1546 /* QuestionListLoadMoreTableViewCell.xib */,
				8ABF5D40230CDE00001A1546 /* AnswerListViewController.swift */,
				8ABF5D41230CDE00001A1546 /* AnswerListViewController.xib */,
				8ABF5D5B230E0CC1001A1546 /* AnswerListQuestionTableViewCell.swift */,
				8ABF5D5C230E0CC1001A1546 /* AnswerListQuestionTableViewCell.xib */,
				8ABF5D5F230E0D05001A1546 /* AnswerListAnswerTableViewCell.swift */,
				8ABF5D60230E0D05001A1546 /* AnswerListAnswerTableViewCell.xib */,
				8ABF5D17230C63F5001A1546 /* Assets.xcassets */,
				8ABF5D19230C63F5001A1546 /* LaunchScreen.storyboard */,
				8ABF5D1C230C63F5001A1546 /* Info.plist */,
				8ABF5D14230C63F4001A1546 /* HCA.xcdatamodeld */,
			);
			path = HCA;
			sourceTree = "<group>";
		};
		8ABF5D24230C63F5001A1546 /* HCATests */ = {
			isa = PBXGroup;
			children = (
				8ABF5D25230C63F5001A1546 /* HCATests.swift */,
				8ABF5D27230C63F5001A1546 /* Info.plist */,
			);
			path = HCATests;
			sourceTree = "<group>";
		};
		8ABF5D30230C66CA001A1546 /* Models */ = {
			isa = PBXGroup;
			children = (
				8ABF5D4F230DF4B9001A1546 /* StackOverflowAnswer.swift */,
				8ABF5D51230DF4D2001A1546 /* StackOverflowAnswerList.swift */,
				8ABF5D36230CB55A001A1546 /* StackOverflowQuestion.swift */,
				8ABF5D38230CD48E001A1546 /* StackOverflowQuestionList.swift */,
				8AB80338230F144A00AD2700 /* StackOverflowOwner.swift */,
				8AB8033A230F1C0B00AD2700 /* ImageCache.swift */,
			);
			path = Models;
			sourceTree = "<group>";
		};
		8ABF5D31230C7AE5001A1546 /* Network */ = {
			isa = PBXGroup;
			children = (
				8ABF5D32230CB39A001A1546 /* NetworkService.swift */,
			);
			path = Network;
			sourceTree = "<group>";
		};
		8ABF5D4C230DD6E4001A1546 /* Util */ = {
			isa = PBXGroup;
			children = (
				8ABF5D4D230DD6F9001A1546 /* Utils.swift */,
			);
			path = Util;
			sourceTree = "<group>";
		};
		8ABF5D53230DF965001A1546 /* Frameworks */ = {
			isa = PBXGroup;
			children = (
				8ABF5D54230DF966001A1546 /* WebKit.framework */,
			);
			name = Frameworks;
			sourceTree = "<group>";
		};
		8ABF5D56230E0A02001A1546 /* Extension */ = {
			isa = PBXGroup;
			children = (
				8ABF5D57230E0B96001A1546 /* NSAttributedString+Extensions.swift */,
				8ABF5D59230E0BB3001A1546 /* UIView+Extensions.swift */,
			);
			path = Extension;
			sourceTree = "<group>";
		};
		8ABF5D63230EDA79001A1546 /* Assets */ = {
			isa = PBXGroup;
			children = (
				8ABF5D64230EDA98001A1546 /* Media.xcassets */,
			);
			path = Assets;
			sourceTree = "<group>";
		};
/* End PBXGroup section */

/* Begin PBXNativeTarget section */
		8ABF5D09230C63F4001A1546 /* HCA */ = {
			isa = PBXNativeTarget;
			buildConfigurationList = 8ABF5D2A230C63F5001A1546 /* Build configuration list for PBXNativeTarget "HCA" */;
			buildPhases = (
				8ABF5D06230C63F4001A1546 /* Sources */,
				8ABF5D07230C63F4001A1546 /* Frameworks */,
				8ABF5D08230C63F4001A1546 /* Resources */,
			);
			buildRules = (
			);
			dependencies = (
			);
			name = HCA;
			productName = HCA;
			productReference = 8ABF5D0A230C63F4001A1546 /* HCA.app */;
			productType = "com.apple.product-type.application";
		};
		8ABF5D20230C63F5001A1546 /* HCATests */ = {
			isa = PBXNativeTarget;
			buildConfigurationList = 8ABF5D2D230C63F5001A1546 /* Build configuration list for PBXNativeTarget "HCATests" */;
			buildPhases = (
				8ABF5D1D230C63F5001A1546 /* Sources */,
				8ABF5D1E230C63F5001A1546 /* Frameworks */,
				8ABF5D1F230C63F5001A1546 /* Resources */,
			);
			buildRules = (
			);
			dependencies = (
				8ABF5D23230C63F5001A1546 /* PBXTargetDependency */,
			);
			name = HCATests;
			productName = HCATests;
			productReference = 8ABF5D21230C63F5001A1546 /* HCATests.xctest */;
			productType = "com.apple.product-type.bundle.unit-test";
		};
/* End PBXNativeTarget section */

/* Begin PBXProject section */
		8ABF5D02230C63F4001A1546 /* Project object */ = {
			isa = PBXProject;
			attributes = {
				LastSwiftUpdateCheck = 1020;
				LastUpgradeCheck = 1020;
				ORGANIZATIONNAME = "Michael Simard";
				TargetAttributes = {
					8ABF5D09230C63F4001A1546 = {
						CreatedOnToolsVersion = 10.2.1;
					};
					8ABF5D20230C63F5001A1546 = {
						CreatedOnToolsVersion = 10.2.1;
						TestTargetID = 8ABF5D09230C63F4001A1546;
					};
				};
			};
			buildConfigurationList = 8ABF5D05230C63F4001A1546 /* Build configuration list for PBXProject "HCA" */;
			compatibilityVersion = "Xcode 9.3";
			developmentRegion = en;
			hasScannedForEncodings = 0;
			knownRegions = (
				en,
				Base,
			);
			mainGroup = 8ABF5D01230C63F4001A1546;
			productRefGroup = 8ABF5D0B230C63F4001A1546 /* Products */;
			projectDirPath = "";
			projectRoot = "";
			targets = (
				8ABF5D09230C63F4001A1546 /* HCA */,
				8ABF5D20230C63F5001A1546 /* HCATests */,
			);
		};
/* End PBXProject section */

/* Begin PBXResourcesBuildPhase section */
		8ABF5D08230C63F4001A1546 /* Resources */ = {
			isa = PBXResourcesBuildPhase;
			buildActionMask = 2147483647;
			files = (
				8ABF5D65230EDA98001A1546 /* Media.xcassets in Resources */,
				8AC83465230F4B40004BD8B4 /* PlaceHolderDetailViewController.xib in Resources */,
				8ABF5D1B230C63F5001A1546 /* LaunchScreen.storyboard in Resources */,
				8ABF5D18230C63F5001A1546 /* Assets.xcassets in Resources */,
				8ABF5D4B230CEF03001A1546 /* QuestionListLoadMoreTableViewCell.xib in Resources */,
				8ABF5D5E230E0CC1001A1546 /* AnswerListQuestionTableViewCell.xib in Resources */,
				8ABF5D3F230CDDD6001A1546 /* QuestionListViewController.xib in Resources */,
				8ABF5D62230E0D05001A1546 /* AnswerListAnswerTableViewCell.xib in Resources */,
				8A6E4A14230F72FF006E2DE6 /* QuestionListTableViewCell.xib in Resources */,
				8ABF5D43230CDE00001A1546 /* AnswerListViewController.xib in Resources */,
			);
			runOnlyForDeploymentPostprocessing = 0;
		};
		8ABF5D1F230C63F5001A1546 /* Resources */ = {
			isa = PBXResourcesBuildPhase;
			buildActionMask = 2147483647;
			files = (
			);
			runOnlyForDeploymentPostprocessing = 0;
		};
/* End PBXResourcesBuildPhase section */

/* Begin PBXSourcesBuildPhase section */
		8ABF5D06230C63F4001A1546 /* Sources */ = {
			isa = PBXSourcesBuildPhase;
			buildActionMask = 2147483647;
			files = (
				8ABF5D0E230C63F4001A1546 /* AppDelegate.swift in Sources */,
				8ABF5D50230DF4B9001A1546 /* StackOverflowAnswer.swift in Sources */,
				8ABF5D39230CD48E001A1546 /* StackOverflowQuestionList.swift in Sources */,
				8ABF5D3B230CDD77001A1546 /* QuestionSplitViewController.swift in Sources */,
				8A6E4A13230F72FF006E2DE6 /* QuestionListTableViewCell.swift in Sources */,
				8AB80339230F144A00AD2700 /* StackOverflowOwner.swift in Sources */,
				8ABF5D5A230E0BB3001A1546 /* UIView+Extensions.swift in Sources */,
				8ABF5D3E230CDDD6001A1546 /* QuestionListViewController.swift in Sources */,
				8ABF5D4A230CEF03001A1546 /* QuestionListLoadMoreTableViewCell.swift in Sources */,
				8AB8033B230F1C0B00AD2700 /* ImageCache.swift in Sources */,
				8ABF5D33230CB39A001A1546 /* NetworkService.swift in Sources */,
				8ABF5D42230CDE00001A1546 /* AnswerListViewController.swift in Sources */,
				8ABF5D37230CB55A001A1546 /* StackOverflowQuestion.swift in Sources */,
				8AC83464230F4B40004BD8B4 /* PlaceHolderDetailViewController.swift in Sources */,
				8ABF5D16230C63F4001A1546 /* HCA.xcdatamodeld in Sources */,
				8ABF5D52230DF4D2001A1546 /* StackOverflowAnswerList.swift in Sources */,
				8ABF5D58230E0B96001A1546 /* NSAttributedString+Extensions.swift in Sources */,
				8ABF5D5D230E0CC1001A1546 /* AnswerListQuestionTableViewCell.swift in Sources */,
				8ABF5D4E230DD6F9001A1546 /* Utils.swift in Sources */,
				8ABF5D61230E0D05001A1546 /* AnswerListAnswerTableViewCell.swift in Sources */,
			);
			runOnlyForDeploymentPostprocessing = 0;
		};
		8ABF5D1D230C63F5001A1546 /* Sources */ = {
			isa = PBXSourcesBuildPhase;
			buildActionMask = 2147483647;
			files = (
				8ABF5D26230C63F5001A1546 /* HCATests.swift in Sources */,
			);
			runOnlyForDeploymentPostprocessing = 0;
		};
/* End PBXSourcesBuildPhase section */

/* Begin PBXTargetDependency section */
		8ABF5D23230C63F5001A1546 /* PBXTargetDependency */ = {
			isa = PBXTargetDependency;
			target = 8ABF5D09230C63F4001A1546 /* HCA */;
			targetProxy = 8ABF5D22230C63F5001A1546 /* PBXContainerItemProxy */;
		};
/* End PBXTargetDependency section */

/* Begin PBXVariantGroup section */
		8ABF5D19230C63F5001A1546 /* LaunchScreen.storyboard */ = {
			isa = PBXVariantGroup;
			children = (
				8ABF5D1A230C63F5001A1546 /* Base */,
			);
			name = LaunchScreen.storyboard;
			sourceTree = "<group>";
		};
/* End PBXVariantGroup section */

/* Begin XCBuildConfiguration section */
		8ABF5D28230C63F5001A1546 /* Debug */ = {
			isa = XCBuildConfiguration;
			buildSettings = {
				ALWAYS_SEARCH_USER_PATHS = NO;
				CLANG_ANALYZER_NONNULL = YES;
				CLANG_ANALYZER_NUMBER_OBJECT_CONVERSION = YES_AGGRESSIVE;
				CLANG_CXX_LANGUAGE_STANDARD = "gnu++14";
				CLANG_CXX_LIBRARY = "libc++";
				CLANG_ENABLE_MODULES = YES;
				CLANG_ENABLE_OBJC_ARC = YES;
				CLANG_ENABLE_OBJC_WEAK = YES;
				CLANG_WARN_BLOCK_CAPTURE_AUTORELEASING = YES;
				CLANG_WARN_BOOL_CONVERSION = YES;
				CLANG_WARN_COMMA = YES;
				CLANG_WARN_CONSTANT_CONVERSION = YES;
				CLANG_WARN_DEPRECATED_OBJC_IMPLEMENTATIONS = YES;
				CLANG_WARN_DIRECT_OBJC_ISA_USAGE = YES_ERROR;
				CLANG_WARN_DOCUMENTATION_COMMENTS = YES;
				CLANG_WARN_EMPTY_BODY = YES;
				CLANG_WARN_ENUM_CONVERSION = YES;
				CLANG_WARN_INFINITE_RECURSION = YES;
				CLANG_WARN_INT_CONVERSION = YES;
				CLANG_WARN_NON_LITERAL_NULL_CONVERSION = YES;
				CLANG_WARN_OBJC_IMPLICIT_RETAIN_SELF = YES;
				CLANG_WARN_OBJC_LITERAL_CONVERSION = YES;
				CLANG_WARN_OBJC_ROOT_CLASS = YES_ERROR;
				CLANG_WARN_RANGE_LOOP_ANALYSIS = YES;
				CLANG_WARN_STRICT_PROTOTYPES = YES;
				CLANG_WARN_SUSPICIOUS_MOVE = YES;
				CLANG_WARN_UNGUARDED_AVAILABILITY = YES_AGGRESSIVE;
				CLANG_WARN_UNREACHABLE_CODE = YES;
				CLANG_WARN__DUPLICATE_METHOD_MATCH = YES;
				CODE_SIGN_IDENTITY = "iPhone Developer";
				COPY_PHASE_STRIP = NO;
				DEBUG_INFORMATION_FORMAT = dwarf;
				ENABLE_STRICT_OBJC_MSGSEND = YES;
				ENABLE_TESTABILITY = YES;
				GCC_C_LANGUAGE_STANDARD = gnu11;
				GCC_DYNAMIC_NO_PIC = NO;
				GCC_NO_COMMON_BLOCKS = YES;
				GCC_OPTIMIZATION_LEVEL = 0;
				GCC_PREPROCESSOR_DEFINITIONS = (
					"DEBUG=1",
					"$(inherited)",
				);
				GCC_WARN_64_TO_32_BIT_CONVERSION = YES;
				GCC_WARN_ABOUT_RETURN_TYPE = YES_ERROR;
				GCC_WARN_UNDECLARED_SELECTOR = YES;
				GCC_WARN_UNINITIALIZED_AUTOS = YES_AGGRESSIVE;
				GCC_WARN_UNUSED_FUNCTION = YES;
				GCC_WARN_UNUSED_VARIABLE = YES;
				IPHONEOS_DEPLOYMENT_TARGET = 12.2;
				MTL_ENABLE_DEBUG_INFO = INCLUDE_SOURCE;
				MTL_FAST_MATH = YES;
				ONLY_ACTIVE_ARCH = YES;
				SDKROOT = iphoneos;
				SWIFT_ACTIVE_COMPILATION_CONDITIONS = DEBUG;
				SWIFT_OPTIMIZATION_LEVEL = "-Onone";
			};
			name = Debug;
		};
		8ABF5D29230C63F5001A1546 /* Release */ = {
			isa = XCBuildConfiguration;
			buildSettings = {
				ALWAYS_SEARCH_USER_PATHS = NO;
				CLANG_ANALYZER_NONNULL = YES;
				CLANG_ANALYZER_NUMBER_OBJECT_CONVERSION = YES_AGGRESSIVE;
				CLANG_CXX_LANGUAGE_STANDARD = "gnu++14";
				CLANG_CXX_LIBRARY = "libc++";
				CLANG_ENABLE_MODULES = YES;
				CLANG_ENABLE_OBJC_ARC = YES;
				CLANG_ENABLE_OBJC_WEAK = YES;
				CLANG_WARN_BLOCK_CAPTURE_AUTORELEASING = YES;
				CLANG_WARN_BOOL_CONVERSION = YES;
				CLANG_WARN_COMMA = YES;
				CLANG_WARN_CONSTANT_CONVERSION = YES;
				CLANG_WARN_DEPRECATED_OBJC_IMPLEMENTATIONS = YES;
				CLANG_WARN_DIRECT_OBJC_ISA_USAGE = YES_ERROR;
				CLANG_WARN_DOCUMENTATION_COMMENTS = YES;
				CLANG_WARN_EMPTY_BODY = YES;
				CLANG_WARN_ENUM_CONVERSION = YES;
				CLANG_WARN_INFINITE_RECURSION = YES;
				CLANG_WARN_INT_CONVERSION = YES;
				CLANG_WARN_NON_LITERAL_NULL_CONVERSION = YES;
				CLANG_WARN_OBJC_IMPLICIT_RETAIN_SELF = YES;
				CLANG_WARN_OBJC_LITERAL_CONVERSION = YES;
				CLANG_WARN_OBJC_ROOT_CLASS = YES_ERROR;
				CLANG_WARN_RANGE_LOOP_ANALYSIS = YES;
				CLANG_WARN_STRICT_PROTOTYPES = YES;
				CLANG_WARN_SUSPICIOUS_MOVE = YES;
				CLANG_WARN_UNGUARDED_AVAILABILITY = YES_AGGRESSIVE;
				CLANG_WARN_UNREACHABLE_CODE = YES;
				CLANG_WARN__DUPLICATE_METHOD_MATCH = YES;
				CODE_SIGN_IDENTITY = "iPhone Developer";
				COPY_PHASE_STRIP = NO;
				DEBUG_INFORMATION_FORMAT = "dwarf-with-dsym";
				ENABLE_NS_ASSERTIONS = NO;
				ENABLE_STRICT_OBJC_MSGSEND = YES;
				GCC_C_LANGUAGE_STANDARD = gnu11;
				GCC_NO_COMMON_BLOCKS = YES;
				GCC_WARN_64_TO_32_BIT_CONVERSION = YES;
				GCC_WARN_ABOUT_RETURN_TYPE = YES_ERROR;
				GCC_WARN_UNDECLARED_SELECTOR = YES;
				GCC_WARN_UNINITIALIZED_AUTOS = YES_AGGRESSIVE;
				GCC_WARN_UNUSED_FUNCTION = YES;
				GCC_WARN_UNUSED_VARIABLE = YES;
				IPHONEOS_DEPLOYMENT_TARGET = 12.2;
				MTL_ENABLE_DEBUG_INFO = NO;
				MTL_FAST_MATH = YES;
				SDKROOT = iphoneos;
				SWIFT_COMPILATION_MODE = wholemodule;
				SWIFT_OPTIMIZATION_LEVEL = "-O";
				VALIDATE_PRODUCT = YES;
			};
			name = Release;
		};
		8ABF5D2B230C63F5001A1546 /* Debug */ = {
			isa = XCBuildConfiguration;
			buildSettings = {
				ASSETCATALOG_COMPILER_APPICON_NAME = AppIcon;
				CODE_SIGN_STYLE = Automatic;
				DEVELOPMENT_TEAM = 3355T75KAW;
				INFOPLIST_FILE = HCA/Info.plist;
				LD_RUNPATH_SEARCH_PATHS = (
					"$(inherited)",
					"@executable_path/Frameworks",
				);
				PRODUCT_BUNDLE_IDENTIFIER = com.michaelsimard.HCA;
				PRODUCT_NAME = "$(TARGET_NAME)";
				SWIFT_VERSION = 5.0;
				TARGETED_DEVICE_FAMILY = "1,2";
			};
			name = Debug;
		};
		8ABF5D2C230C63F5001A1546 /* Release */ = {
			isa = XCBuildConfiguration;
			buildSettings = {
				ASSETCATALOG_COMPILER_APPICON_NAME = AppIcon;
				CODE_SIGN_STYLE = Automatic;
				DEVELOPMENT_TEAM = 3355T75KAW;
				INFOPLIST_FILE = HCA/Info.plist;
				LD_RUNPATH_SEARCH_PATHS = (
					"$(inherited)",
					"@executable_path/Frameworks",
				);
				PRODUCT_BUNDLE_IDENTIFIER = com.michaelsimard.HCA;
				PRODUCT_NAME = "$(TARGET_NAME)";
				SWIFT_VERSION = 5.0;
				TARGETED_DEVICE_FAMILY = "1,2";
			};
			name = Release;
		};
		8ABF5D2E230C63F5001A1546 /* Debug */ = {
			isa = XCBuildConfiguration;
			buildSettings = {
				ALWAYS_EMBED_SWIFT_STANDARD_LIBRARIES = YES;
				BUNDLE_LOADER = "$(TEST_HOST)";
				CODE_SIGN_STYLE = Automatic;
				DEVELOPMENT_TEAM = 3355T75KAW;
				INFOPLIST_FILE = HCATests/Info.plist;
				LD_RUNPATH_SEARCH_PATHS = (
					"$(inherited)",
					"@executable_path/Frameworks",
					"@loader_path/Frameworks",
				);
				PRODUCT_BUNDLE_IDENTIFIER = com.michaelsimard.HCATests;
				PRODUCT_NAME = "$(TARGET_NAME)";
				SWIFT_VERSION = 5.0;
				TARGETED_DEVICE_FAMILY = "1,2";
				TEST_HOST = "$(BUILT_PRODUCTS_DIR)/HCA.app/HCA";
			};
			name = Debug;
		};
		8ABF5D2F230C63F5001A1546 /* Release */ = {
			isa = XCBuildConfiguration;
			buildSettings = {
				ALWAYS_EMBED_SWIFT_STANDARD_LIBRARIES = YES;
				BUNDLE_LOADER = "$(TEST_HOST)";
				CODE_SIGN_STYLE = Automatic;
				DEVELOPMENT_TEAM = 3355T75KAW;
				INFOPLIST_FILE = HCATests/Info.plist;
				LD_RUNPATH_SEARCH_PATHS = (
					"$(inherited)",
					"@executable_path/Frameworks",
					"@loader_path/Frameworks",
				);
				PRODUCT_BUNDLE_IDENTIFIER = com.michaelsimard.HCATests;
				PRODUCT_NAME = "$(TARGET_NAME)";
				SWIFT_VERSION = 5.0;
				TARGETED_DEVICE_FAMILY = "1,2";
				TEST_HOST = "$(BUILT_PRODUCTS_DIR)/HCA.app/HCA";
			};
			name = Release;
		};
/* End XCBuildConfiguration section */

/* Begin XCConfigurationList section */
		8ABF5D05230C63F4001A1546 /* Build configuration list for PBXProject "HCA" */ = {
			isa = XCConfigurationList;
			buildConfigurations = (
				8ABF5D28230C63F5001A1546 /* Debug */,
				8ABF5D29230C63F5001A1546 /* Release */,
			);
			defaultConfigurationIsVisible = 0;
			defaultConfigurationName = Release;
		};
		8ABF5D2A230C63F5001A1546 /* Build configuration list for PBXNativeTarget "HCA" */ = {
			isa = XCConfigurationList;
			buildConfigurations = (
				8ABF5D2B230C63F5001A1546 /* Debug */,
				8ABF5D2C230C63F5001A1546 /* Release */,
			);
			defaultConfigurationIsVisible = 0;
			defaultConfigurationName = Release;
		};
		8ABF5D2D230C63F5001A1546 /* Build configuration list for PBXNativeTarget "HCATests" */ = {
			isa = XCConfigurationList;
			buildConfigurations = (
				8ABF5D2E230C63F5001A1546 /* Debug */,
				8ABF5D2F230C63F5001A1546 /* Release */,
			);
			defaultConfigurationIsVisible = 0;
			defaultConfigurationName = Release;
		};
/* End XCConfigurationList section */

/* Begin XCVersionGroup section */
		8ABF5D14230C63F4001A1546 /* HCA.xcdatamodeld */ = {
			isa = XCVersionGroup;
			children = (
				8ABF5D15230C63F4001A1546 /* HCA.xcdatamodel */,
			);
			currentVersion = 8ABF5D15230C63F4001A1546 /* HCA.xcdatamodel */;
			path = HCA.xcdatamodeld;
			sourceTree = "<group>";
			versionGroupType = wrapper.xcdatamodel;
		};
/* End XCVersionGroup section */
	};
	rootObject = 8ABF5D02230C63F4001A1546 /* Project object */;
}
